
Microsoft Visual Studio Solution File, Format Version 12.00
# Visual Studio 15
VisualStudioVersion = 15.0.27004.2008
MinimumVisualStudioVersion = 10.0.40219.1
Project("{FAE04EC0-301F-11D3-BF4B-00C04F79EFBC}") = "DataAccessProvider", "DataAccessProvider\DataAccessProvider.csproj", "{C02AFD79-B3FB-452C-A02C-1D21F483AF83}"
EndProject
Project("{FAE04EC0-301F-11D3-BF4B-00C04F79EFBC}") = "DataAccessProvider.OracleClient", "DataAccessProvider.OracleClient\DataAccessProvider.OracleClient.csproj", "{FC4129F2-BC78-40A7-8C41-F4F05044C102}"
EndProject
Project("{FAE04EC0-301F-11D3-BF4B-00C04F79EFBC}") = "DataAccessProvider.SqlClient", "DataAccessProvider.SqlClient\DataAccessProvider.SqlClient.csproj", "{FD144C5C-8FF7-4EB8-B4FE-FF6EB867EFB7}"
EndProject
Global
	GlobalSection(SolutionConfigurationPlatforms) = preSolution
		Debug|Any CPU = Debug|Any CPU
		Release|Any CPU = Release|Any CPU
	EndGlobalSection
	GlobalSection(ProjectConfigurationPlatforms) = postSolution
		{C02AFD79-B3FB-452C-A02C-1D21F483AF83}.Debug|Any CPU.ActiveCfg = Debug|Any CPU
		{C02AFD79-B3FB-452C-A02C-1D21F483AF83}.Debug|Any CPU.Build.0 = Debug|Any CPU
		{C02AFD79-B3FB-452C-A02C-1D21F483AF83}.Release|Any CPU.ActiveCfg = Release|Any CPU
		{C02AFD79-B3FB-452C-A02C-1D21F483AF83}.Release|Any CPU.Build.0 = Release|Any CPU
		{FC4129F2-BC78-40A7-8C41-F4F05044C102}.Debug|Any CPU.ActiveCfg = Debug|Any CPU
		{FC4129F2-BC78-40A7-8C41-F4F05044C102}.Debug|Any CPU.Build.0 = Debug|Any CPU
		{FC4129F2-BC78-40A7-8C41-F4F05044C102}.Release|Any CPU.ActiveCfg = Release|Any CPU
		{FC4129F2-BC78-40A7-8C41-F4F05044C102}.Release|Any CPU.Build.0 = Release|Any CPU
		{FD144C5C-8FF7-4EB8-B4FE-FF6EB867EFB7}.Debug|Any CPU.ActiveCfg = Debug|Any CPU
		{FD144C5C-8FF7-4EB8-B4FE-FF6EB867EFB7}.Debug|Any CPU.Build.0 = Debug|Any CPU
		{FD144C5C-8FF7-4EB8-B4FE-FF6EB867EFB7}.Release|Any CPU.ActiveCfg = Release|Any CPU
		{FD144C5C-8FF7-4EB8-B4FE-FF6EB867EFB7}.Release|Any CPU.Build.0 = Release|Any CPU
	EndGlobalSection
	GlobalSection(SolutionProperties) = preSolution
		HideSolutionNode = FALSE
	EndGlobalSection
	GlobalSection(ExtensibilityGlobals) = postSolution
		SolutionGuid = {450B1E11-F9FD-4E64-ADD2-E3A5ED3EC251}
	EndGlobalSection
EndGlobal
